
Microsoft Visual Studio Solution File, Format Version 12.00
# Visual Studio Version 16
VisualStudioVersion = 25.0.1706.1
MinimumVisualStudioVersion = 10.0.40219.1
Project("{FAE04EC0-301F-11D3-BF4B-00C04F79EFBC}") = "Bank App Pol V1", "Bank App Pol V1.csproj", "{A6B3DD96-89B9-406C-BEF2-3EC37D275032}"
EndProject
Global
	GlobalSection(SolutionConfigurationPlatforms) = preSolution
		Debug|Any CPU = Debug|Any CPU
		Release|Any CPU = Release|Any CPU
	EndGlobalSection
	GlobalSection(ProjectConfigurationPlatforms) = postSolution
		{A6B3DD96-89B9-406C-BEF2-3EC37D275032}.Debug|Any CPU.ActiveCfg = Debug|Any CPU
		{A6B3DD96-89B9-406C-BEF2-3EC37D275032}.Debug|Any CPU.Build.0 = Debug|Any CPU
		{A6B3DD96-89B9-406C-BEF2-3EC37D275032}.Release|Any CPU.ActiveCfg = Release|Any CPU
		{A6B3DD96-89B9-406C-BEF2-3EC37D275032}.Release|Any CPU.Build.0 = Release|Any CPU
	EndGlobalSection
	GlobalSection(SolutionProperties) = preSolution
		HideSolutionNode = FALSE
	EndGlobalSection
	GlobalSection(ExtensibilityGlobals) = postSolution
		SolutionGuid = {8E8DAA77-2377-4571-B7B1-3085A0695930}
	EndGlobalSection
EndGlobal
